{
  "name": "assignment",
  "lockfileVersion": 3,
  "requires": true,
  "packages": {
    "": {
      "dependencies": {
        "@tailwindcss/vite": "^4.3.3",
        "@tsparticles/react": "^4.4.0",
        "@tsparticles/slim": "^4.4.0",
        "framer-motion": "^13.4.4",
        "lenis": "^1.3.26",
        "react-icons": "^5.7.0",
        "react-type-animation": "^3.2.0",
        "tailwindcss": "^4.3.3"
      }
    },
    "node_modules/@jridgewell/gen-mapping": {
      "version": "0.3.13",
      "resolved": "https://registry.npmjs.org/@jridgewell/gen-mapping/-/gen-mapping-0.3.13.tgz",
      "integrity": "sha512-2kkt/7niJ6MgEPxF0bYdQ6etZaA+fQvDcLKckhy1yIQOzaoKjBBjSj63/aLVjYE3qhRt5dvM+uUyfCg6UKCBbA==",
      "license": "MIT",
      "dependencies": {
        "@jridgewell/sourcemap-codec": "^1.5.0",
        "@jridgewell/trace-mapping": "^0.3.24"
      }
    },
    "node_modules/@jridgewell/remapping": {
      "version": "2.3.5",
      "resolved": "https://registry.npmjs.org/@jridgewell/remapping/-/remapping-2.3.5.tgz",
      "integrity": "sha512-LI9u/+laYG4Ds1TDKSJW2YPrIlcVYOwi2fUC6xB43lueCjgxV4lffOCZCtYFiH6TNOX+tQKXx97T4IKHbhyHEQ==",
      "license": "MIT",
      "dependencies": {
        "@jridgewell/gen-mapping": "^0.3.5",
        "@jridgewell/trace-mapping": "^0.3.24"
      }
    },
    "node_modules/@jridgewell/resolve-uri": {
      "version": "3.1.2",
      "resolved": "https://registry.npmjs.org/@jridgewell/resolve-uri/-/resolve-uri-3.1.2.tgz",
      "integrity": "sha512-bRISgCIjP20/tbWSPWMEi54QVPRZExkuD9lJL+UIxUKtwVJA8wW1Trb1jMs1RFXo1CBTNZ/5hpC9QvmKWdopKw==",
      "license": "MIT",
      "engines": {
        "node": ">=6.0.0"
      }
    },
    "node_modules/@jridgewell/sourcemap-codec": {
      "version": "1.6.0",
      "resolved": "https://registry.npmjs.org/@jridgewell/sourcemap-codec/-/sourcemap-codec-1.6.0.tgz",
      "integrity": "sha512-T7jf+5zgsZHwNJ4lvQ7/aezbyk0nNX+zJVWpmHA7VYsEx7a7qr5Rg5IbtJFqkgze5Y2sruq1RUY8Q837Od7iFw==",
      "license": "MIT"
    },
    "node_modules/@jridgewell/trace-mapping": {
      "version": "0.3.31",
      "resolved": "https://registry.npmjs.org/@jridgewell/trace-mapping/-/trace-mapping-0.3.31.tgz",
      "integrity": "sha512-zzNR+SdQSDJzc8joaeP8QQoCQr8NuYx2dIIytl1QeBEZHJ9uW6hebsrYgbz8hJwUQao3TWCMtmfV8Nu1twOLAw==",
      "license": "MIT",
      "dependencies": {
        "@jridgewell/resolve-uri": "^3.1.0",
        "@jridgewell/sourcemap-codec": "^1.4.14"
      }
    },
    "node_modules/@tailwindcss/node": {
      "version": "4.3.3",
      "resolved": "https://registry.npmjs.org/@tailwindcss/node/-/node-4.3.3.tgz",
      "integrity": "sha512-/T8IKEsf9VTU6tLjgC7+sv2mOPtQxzE2jMw7u4Tt40Tx+QSZxpzh95/H6cMKoja9XuW7iMdLJYBB0o9G1CaAgg==",
      "license": "MIT",
      "dependencies": {
        "@jridgewell/remapping": "^2.3.5",
        "enhanced-resolve": "^5.24.1",
        "jiti": "^2.7.0",
        "lightningcss": "1.32.0",
        "magic-string": "^0.30.21",
        "source-map-js": "^1.2.1",
        "tailwindcss": "4.3.3"
      }
    },
    "node_modules/@tailwindcss/oxide": {
      "version": "4.3.3",
      "resolved": "https://registry.npmjs.org/@tailwindcss/oxide/-/oxide-4.3.3.tgz",
      "integrity": "sha512-krXjAikiaFSPaK/FkAQT5UTx3VormQaiZ5hBFlJZ9UFQGB/rwg1MZIhHAG9smMQRTdyJxP6Qt5MwMtdyU5FWrA==",
      "license": "MIT",
      "engines": {
        "node": ">= 20"
      },
      "optionalDependencies": {
        "@tailwindcss/oxide-android-arm64": "4.3.3",
        "@tailwindcss/oxide-darwin-arm64": "4.3.3",
        "@tailwindcss/oxide-darwin-x64": "4.3.3",
        "@tailwindcss/oxide-freebsd-x64": "4.3.3",
        "@tailwindcss/oxide-linux-arm-gnueabihf": "4.3.3",
        "@tailwindcss/oxide-linux-arm64-gnu": "4.3.3",
        "@tailwindcss/oxide-linux-arm64-musl": "4.3.3",
        "@tailwindcss/oxide-linux-x64-gnu": "4.3.3",
        "@tailwindcss/oxide-linux-x64-musl": "4.3.3",
        "@tailwindcss/oxide-wasm32-wasi": "4.3.3",
        "@tailwindcss/oxide-win32-arm64-msvc": "4.3.3",
        "@tailwindcss/oxide-win32-x64-msvc": "4.3.3"
      }
    },
    "node_modules/@tailwindcss/oxide-android-arm64": {
      "version": "4.3.3",
      "resolved": "https://registry.npmjs.org/@tailwindcss/oxide-android-arm64/-/oxide-android-arm64-4.3.3.tgz",
      "integrity": "sha512-Y85A2gmPSkl5Ve5qR86GL4HT509cFqQh1aes9p3sSkyTPwt0Pppf3GkwGe4JPACcRYjgJIEhQgM6dBClnr0NYw==",
      "cpu": [
        "arm64"
      ],
      "license": "MIT",
      "optional": true,
      "os": [
        "android"
      ],
      "engines": {
        "node": ">= 20"
      }
    },
    "node_modules/@tailwindcss/oxide-darwin-arm64": {
      "version": "4.3.3",
      "resolved": "https://registry.npmjs.org/@tailwindcss/oxide-darwin-arm64/-/oxide-darwin-arm64-4.3.3.tgz",
      "integrity": "sha512-BiaWatpBcERQFDlOjRDpIVXuFK5PJez5SA4JMg6VYZdBYU+qKfV/vqjcIs+IYmtitf1xYQZTwXvU/8y4lfZUGw==",
      "cpu": [
        "arm64"
      ],
      "license": "MIT",
      "optional": true,
      "os": [
        "darwin"
      ],
      "engines": {
        "node": ">= 20"
      }
    },
    "node_modules/@tailwindcss/oxide-darwin-x64": {
      "version": "4.3.3",
      "resolved": "https://registry.npmjs.org/@tailwindcss/oxide-darwin-x64/-/oxide-darwin-x64-4.3.3.tgz",
      "integrity": "sha512-fAeUqfV5ndhxRwai8cXGzdLvul9utWOmeTkv69unv4ZXixjn61Z+p9lCWdwOwA3TYboG3BwdVuN/RDjhBRl0mw==",
      "cpu": [
        "x64"
      ],
      "license": "MIT",
      "optional": true,
      "os": [
        "darwin"
      ],
      "engines": {
        "node": ">= 20"
      }
    },
    "node_modules/@tailwindcss/oxide-freebsd-x64": {
      "version": "4.3.3",
      "resolved": "https://registry.npmjs.org/@tailwindcss/oxide-freebsd-x64/-/oxide-freebsd-x64-4.3.3.tgz",
      "integrity": "sha512-iyf5bV6+wnAlflVeEy7R25dupxTNECZN5QMI0qNT6eT+EgaGdZcKhGkr5SdoaWiLJ3spLqIY9VCeSGrwmtg4kw==",
      "cpu": [
        "x64"
      ],
      "license": "MIT",
      "optional": true,
      "os": [
        "freebsd"
      ],
      "engines": {
        "node": ">= 20"
      }
    },
    "node_modules/@tailwindcss/oxide-linux-arm-gnueabihf": {
      "version": "4.3.3",
      "resolved": "https://registry.npmjs.org/@tailwindcss/oxide-linux-arm-gnueabihf/-/oxide-linux-arm-gnueabihf-4.3.3.tgz",
      "integrity": "sha512-aAYUprJAJQWWbRrPvtjdroZ56Md+JM8pMiopS6xGEwDfLhqj+2ver2p4nU4Mb3CRqcMmNBjo8KkUgcxhkzVQGQ==",
      "cpu": [
        "arm"
      ],
      "license": "MIT",
      "optional": true,
      "os": [
        "linux"
      ],
      "engines": {
        "node": ">= 20"
      }
    },
    "node_modules/@tailwindcss/oxide-linux-arm64-gnu": {
      "version": "4.3.3",
      "resolved": "https://registry.npmjs.org/@tailwindcss/oxide-linux-arm64-gnu/-/oxide-linux-arm64-gnu-4.3.3.tgz",
      "integrity": "sha512-nDxldcEENOxZRzC2uu9jrutZdAAQtb+8WWDCSnWL1zvBk1+FN+x6MtDViPB5AJMfttVCUhehGWus3XBPgatM/w==",
      "cpu": [
        "arm64"
      ],
      "license": "MIT",
      "optional": true,
      "os": [
        "linux"
      ],
      "engines": {
        "node": ">= 20"
      }
    },
    "node_modules/@tailwindcss/oxide-linux-arm64-musl": {
      "version": "4.3.3",
      "resolved": "https://registry.npmjs.org/@tailwindcss/oxide-linux-arm64-musl/-/oxide-linux-arm64-musl-4.3.3.tgz",
      "integrity": "sha512-Md44bD6veX/PC5iyF8cDVnw4HBIANZepRZZ7a8DQOvkfo5WUBwcp6iAuCUz23u+4SUkhJlD3eL7hNdW8ezd/kA==",
      "cpu": [
        "arm64"
      ],
      "license": "MIT",
      "optional": true,
      "os": [
        "linux"
      ],
      "engines": {
        "node": ">= 20"
      }
    },
    "node_modules/@tailwindcss/oxide-linux-x64-gnu": {
      "version": "4.3.3",
      "resolved": "https://registry.npmjs.org/@tailwindcss/oxide-linux-x64-gnu/-/oxide-linux-x64-gnu-4.3.3.tgz",
      "integrity": "sha512-tx7us1muwOKAKWao2v/GaafFeQboE6aj88vC6ziN2NCGcRm8gWUhwjzg+YdVB1e4boAtdtma4L43onunI6NS4w==",
      "cpu": [
        "x64"
      ],
      "license": "MIT",
      "optional": true,
      "os": [
        "linux"
      ],
      "engines": {
        "node": ">= 20"
      }
    },
    "node_modules/@tailwindcss/oxide-linux-x64-musl": {
      "version": "4.3.3",
      "resolved": "https://registry.npmjs.org/@tailwindcss/oxide-linux-x64-musl/-/oxide-linux-x64-musl-4.3.3.tgz",
      "integrity": "sha512-SJxX60smvHgasZoBy11dX6YRjXJFovwWBoedhbQPOBzgFWBHGB+TVPWB9BxzR7TTxU8FQZAI2AyiNCMzFm8Img==",
      "cpu": [
        "x64"
      ],
      "license": "MIT",
      "optional": true,
      "os": [
        "linux"
      ],
      "engines": {
        "node": ">= 20"
      }
    },
    "node_modules/@tailwindcss/oxide-wasm32-wasi": {
      "version": "4.3.3",
      "resolved": "https://registry.npmjs.org/@tailwindcss/oxide-wasm32-wasi/-/oxide-wasm32-wasi-4.3.3.tgz",
      "integrity": "sha512-jx1+rPhY/5Ympkktd656HBWEBLxP7dH06losBLjjf5vgCODXvi9KhtftWcMIwTFIDqBr7cRnQkdLnAG+IOlGvQ==",
      "bundleDependencies": [
        "@napi-rs/wasm-runtime",
        "@emnapi/core",
        "@emnapi/runtime",
        "@tybys/wasm-util",
        "@emnapi/wasi-threads",
        "tslib"
      ],
      "cpu": [
        "wasm32"
      ],
      "license": "MIT",
      "optional": true,
      "dependencies": {
        "@emnapi/core": "^1.11.1",
        "@emnapi/runtime": "^1.11.1",
        "@emnapi/wasi-threads": "^1.2.2",
        "@napi-rs/wasm-runtime": "^1.1.4",
        "@tybys/wasm-util": "^0.10.2",
        "tslib": "^2.8.1"
      },
      "engines": {
        "node": ">=14.0.0"
      }
    },
    "node_modules/@tailwindcss/oxide-win32-arm64-msvc": {
      "version": "4.3.3",
      "resolved": "https://registry.npmjs.org/@tailwindcss/oxide-win32-arm64-msvc/-/oxide-win32-arm64-msvc-4.3.3.tgz",
      "integrity": "sha512-3rc292Ca2ceK6Ulcc/bAVnTs/3nDtoPhyEKlgPv+yQJQi/JS/AMJlqzxvlDacL1nekbrcf6bTqp/jV4qgnPxNQ==",
      "cpu": [
        "arm64"
      ],
      "license": "MIT",
      "optional": true,
      "os": [
        "win32"
      ],
      "engines": {
        "node": ">= 20"
      }
    },
    "node_modules/@tailwindcss/oxide-win32-x64-msvc": {
      "version": "4.3.3",
      "resolved": "https://registry.npmjs.org/@tailwindcss/oxide-win32-x64-msvc/-/oxide-win32-x64-msvc-4.3.3.tgz",
      "integrity": "sha512-yJ0pwIVc/nYeGoV02WtsN8KYyLQv7kyI2wDnkezyJlGGjkd4QLwDGAwl47YpPJeuI0M0ObaXGSPjvWDPeTPggw==",
      "cpu": [
        "x64"
      ],
      "license": "MIT",
      "optional": true,
      "os": [
        "win32"
      ],
      "engines": {
        "node": ">= 20"
      }
    },
    "node_modules/@tailwindcss/vite": {
      "version": "4.3.3",
      "resolved": "https://registry.npmjs.org/@tailwindcss/vite/-/vite-4.3.3.tgz",
      "integrity": "sha512-yYU8cogLeSh/ms2jh8Fj7jaba/EWa7Ja6GoUqYZaraEuCI5YS6ms6ObZgjjedm+jm6XZjdNRWBpPP6Z86oOxcw==",
      "license": "MIT",
      "dependencies": {
        "@tailwindcss/node": "4.3.3",
        "@tailwindcss/oxide": "4.3.3",
        "tailwindcss": "4.3.3"
      },
      "peerDependencies": {
        "vite": "^5.2.0 || ^6 || ^7 || ^8"
      }
    },
    "node_modules/@tsparticles/animation-utils": {
      "version": "4.4.0",
      "resolved": "https://registry.npmjs.org/@tsparticles/animation-utils/-/animation-utils-4.4.0.tgz",
      "integrity": "sha512-yl4iE9SSuJ2n8B096t/vn4bWN+wWIkDm11OfTsIM3/64bJLB/5T92n6iOm/XLC3r6g8M8XuDi6ntTnpOcwsGxg==",
      "funding": [
        {
          "type": "github",
          "url": "https://github.com/sponsors/matteobruni"
        },
        {
          "type": "github",
          "url": "https://github.com/sponsors/tsparticles"
        },
        {
          "type": "buymeacoffee",
          "url": "https://www.buymeacoffee.com/matteobruni"
        }
      ],
      "license": "MIT",
      "peerDependencies": {
        "@tsparticles/engine": "4.4.0"
      }
    },
    "node_modules/@tsparticles/basic": {
      "version": "4.4.0",
      "resolved": "https://registry.npmjs.org/@tsparticles/basic/-/basic-4.4.0.tgz",
      "integrity": "sha512-lTbKBPzab0alPy+4Wm/xehrVpT1FrpEMaQcTU2eTV0c0G++5/kOINEWkC7GL7/cHovycukxB+tOMYVT54bSprA==",
      "funding": [
        {
          "type": "github",
          "url": "https://github.com/sponsors/matteobruni"
        },
        {
          "type": "github",
          "url": "https://github.com/sponsors/tsparticles"
        },
        {
          "type": "buymeacoffee",
          "url": "https://www.buymeacoffee.com/matteobruni"
        }
      ],
      "license": "MIT",
      "dependencies": {
        "@tsparticles/engine": "4.4.0",
        "@tsparticles/plugin-blend": "4.4.0",
        "@tsparticles/plugin-hex-color": "4.4.0",
        "@tsparticles/plugin-hsl-color": "4.4.0",
        "@tsparticles/plugin-move": "4.4.0",
        "@tsparticles/plugin-rgb-color": "4.4.0",
        "@tsparticles/shape-circle": "4.4.0",
        "@tsparticles/updater-opacity": "4.4.0",
        "@tsparticles/updater-out-modes": "4.4.0",
        "@tsparticles/updater-paint": "4.4.0",
        "@tsparticles/updater-size": "4.4.0"
      }
    },
    "node_modules/@tsparticles/canvas-utils": {
      "version": "4.4.0",
      "resolved": "https://registry.npmjs.org/@tsparticles/canvas-utils/-/canvas-utils-4.4.0.tgz",
      "integrity": "sha512-3zVr95OZ05BExgVYNT8WPqA/wFp83TiEJo66rZCZ/nZd1Ny8UCYLMKBcbUPBvGS2GB87UMK8+ygleZnlFhGTtw==",
      "funding": [
        {
          "type": "github",
          "url": "https://github.com/sponsors/matteobruni"
        },
        {
          "type": "github",
          "url": "https://github.com/sponsors/tsparticles"
        },
        {
          "type": "buymeacoffee",
          "url": "https://www.buymeacoffee.com/matteobruni"
        }
      ],
      "license": "MIT",
      "peerDependencies": {
        "@tsparticles/engine": "4.4.0"
      }
    },
    "node_modules/@tsparticles/engine": {
      "version": "4.4.0",
      "resolved": "https://registry.npmjs.org/@tsparticles/engine/-/engine-4.4.0.tgz",
      "integrity": "sha512-zUDykZ7qBqHYMXr6NveXg51kBlvfaQKMmWkMJ8nT7fC4dXdNayb1+TxOfAoqH9/U/u0Eyr0YE+72ai/ymS0uww==",
      "funding": [
        {
          "type": "github",
          "url": "https://github.com/sponsors/matteobruni"
        },
        {
          "type": "github",
          "url": "https://github.com/sponsors/tsparticles"
        },
        {
          "type": "buymeacoffee",
          "url": "https://www.buymeacoffee.com/matteobruni"
        }
      ],
      "hasInstallScript": true,
      "license": "MIT"
    },
    "node_modules/@tsparticles/interaction-external-attract": {
      "version": "4.4.0",
      "resolved": "https://registry.npmjs.org/@tsparticles/interaction-external-attract/-/interaction-external-attract-4.4.0.tgz",
      "integrity": "sha512-Y7m4M//SC8J/u0mOcNPpA+qDmImeV5O4axqxah3RdbB0NR5IYmyq6y3ipQGCsDiKPjyyin6R2INT+EY/y75r1A==",
      "license": "MIT",
      "peerDependencies": {
        "@tsparticles/engine": "4.4.0",
        "@tsparticles/plugin-interactivity": "4.4.0"
      }
    },
    "node_modules/@tsparticles/interaction-external-bounce": {
      "version": "4.4.0",
      "resolved": "https://registry.npmjs.org/@tsparticles/interaction-external-bounce/-/interaction-external-bounce-4.4.0.tgz",
      "integrity": "sha512-A6FyWC3kyvKFLFSGgPMFVMVTEO9hHrB6lDLO+J0AxvyyYYTbgsu+brY7Yt3kuxEtdZaGmsMtGGfV0Iwe66KspA==",
      "license": "MIT",
      "peerDependencies": {
        "@tsparticles/engine": "4.4.0",
        "@tsparticles/plugin-interactivity": "4.4.0"
      }
    },
    "node_modules/@tsparticles/interaction-external-bubble": {
      "version": "4.4.0",
      "resolved": "https://registry.npmjs.org/@tsparticles/interaction-external-bubble/-/interaction-external-bubble-4.4.0.tgz",
      "integrity": "sha512-/IsCu7uWC4oxRbO0WNd1OTlDEUrSjK1T+qARfxmkh+xYxevS8Zc55+rYqk7TXOjPgYVfFiC8wA6+yigYthHCpg==",
      "license": "MIT",
      "peerDependencies": {
        "@tsparticles/engine": "4.4.0",
        "@tsparticles/plugin-interactivity": "4.4.0"
      }
    },
    "node_modules/@tsparticles/interaction-external-connect": {
      "version": "4.4.0",
      "resolved": "https://registry.npmjs.org/@tsparticles/interaction-external-connect/-/interaction-external-connect-4.4.0.tgz",
      "integrity": "sha512-yPS/XBFWOGKUYo9NTFgcvUKEFg7A0NavTsLPfMLff0BVS5r5ocAvI1UMxCErOSyQPNDb4oAceh9SqldbBI0ELA==",
      "license": "MIT",
      "dependencies": {
        "@tsparticles/canvas-utils": "4.4.0"
      },
      "peerDependencies": {
        "@tsparticles/engine": "4.4.0",
        "@tsparticles/plugin-interactivity": "4.4.0"
      }
    },
    "node_modules/@tsparticles/interaction-external-destroy": {
      "version": "4.4.0",
      "resolved": "https://registry.npmjs.org/@tsparticles/interaction-external-destroy/-/interaction-external-destroy-4.4.0.tgz",
      "integrity": "sha512-WqTYJnn0FaF5fF91C49KWlLgmyfgW4a1jMd7FXvBAnrY6XYu4UIOZXNi8R3MUvdYMG1ghQGNOkH+JcD63Dvysw==",
      "license": "MIT",
      "peerDependencies": {
        "@tsparticles/engine": "4.4.0",
        "@tsparticles/plugin-interactivity": "4.4.0"
      }
    },
    "node_modules/@tsparticles/interaction-external-grab": {
      "version": "4.4.0",
      "resolved": "https://registry.npmjs.org/@tsparticles/interaction-external-grab/-/interaction-external-grab-4.4.0.tgz",
      "integrity": "sha512-rdXhGkBwZKJh2ixK0Wz8Qc+m2SRk3RdYiAWs/PzDurRV9ZpRcGvqkV5G+jw/QrrYWywnNrUYedaKXtiAPnnsWA==",
      "license": "MIT",
      "dependencies": {
        "@tsparticles/canvas-utils": "4.4.0"
      },
      "peerDependencies": {
        "@tsparticles/engine": "4.4.0",
        "@tsparticles/plugin-interactivity": "4.4.0"
      }
    },
    "node_modules/@tsparticles/interaction-external-parallax": {
      "version": "4.4.0",
      "resolved": "https://registry.npmjs.org/@tsparticles/interaction-external-parallax/-/interaction-external-parallax-4.4.0.tgz",
      "integrity": "sha512-PyzWmSqS/zUP/caDyeh7wsW0/6E2pejdawer7ocWY3whEvWhgp/cjev78HxEc+dbgCET6Viu2CLSYsV97dZPHA==",
      "license": "MIT",
      "peerDependencies": {
        "@tsparticles/engine": "4.4.0",
        "@tsparticles/plugin-interactivity": "4.4.0"
      }
    },
    "node_modules/@tsparticles/interaction-external-pause": {
      "version": "4.4.0",
      "resolved": "https://registry.npmjs.org/@tsparticles/interaction-external-pause/-/interaction-external-pause-4.4.0.tgz",
      "integrity": "sha512-qf2CWg3Cx01lW9/0cPAQxp4ozD4o5OY8O7BHwvyaIa+2T0/H/OuKDO+6EscMgQeYnicJVFfYGDr8kbvd27iuIA==",
      "license": "MIT",
      "peerDependencies": {
        "@tsparticles/engine": "4.4.0",
        "@tsparticles/plugin-interactivity": "4.4.0"
      }
    },
    "node_modules/@tsparticles/interaction-external-push": {
      "version": "4.4.0",
      "resolved": "https://registry.npmjs.org/@tsparticles/interaction-external-push/-/interaction-external-push-4.4.0.tgz",
      "integrity": "sha512-rAojSBoF9BzMT2rXsKd01bHPZZmUxp3kZUvNmKdD0GX6TYpxqkeAd6KCc9ixB1TJzKa/sRwZ0lfXOusP89/uew==",
      "license": "MIT",
      "peerDependencies": {
        "@tsparticles/engine": "4.4.0",
        "@tsparticles/plugin-interactivity": "4.4.0"
      }
    },
    "node_modules/@tsparticles/interaction-external-remove": {
      "version": "4.4.0",
      "resolved": "https://registry.npmjs.org/@tsparticles/interaction-external-remove/-/interaction-external-remove-4.4.0.tgz",
      "integrity": "sha512-T/SyaR+aJO90z7uhTv/R1Vpr7MBJnmUKEtKhNoEqw0/xWhBJP5pcWITMj7UpWawjtgtQYimGsvM9nZlDCKScNg==",
      "license": "MIT",
      "peerDependencies": {
        "@tsparticles/engine": "4.4.0",
        "@tsparticles/plugin-interactivity": "4.4.0"
      }
    },
    "node_modules/@tsparticles/interaction-external-repulse": {
      "version": "4.4.0",
      "resolved": "https://registry.npmjs.org/@tsparticles/interaction-external-repulse/-/interaction-external-repulse-4.4.0.tgz",
      "integrity": "sha512-piyeYU42XGXssuNcuB/3FQsS8HgpiH8MdchfYe9wYoYY6+n4OKPK0P6chB1aVZS6cZz4vmk3ROPrDbXrbdM/Rw==",
      "license": "MIT",
      "peerDependencies": {
        "@tsparticles/engine": "4.4.0",
        "@tsparticles/plugin-interactivity": "4.4.0"
      }
    },
    "node_modules/@tsparticles/interaction-external-slow": {
      "version": "4.4.0",
      "resolved": "https://registry.npmjs.org/@tsparticles/interaction-external-slow/-/interaction-external-slow-4.4.0.tgz",
      "integrity": "sha512-In5s4Ys7lf8/IsDta+M7zpEYWkbfvaUsjnJm4zxuCVjr/mixE7J3QCevkXWdeiv1aP/6TpTicD7SDtlQR1IMjw==",
      "license": "MIT",
      "peerDependencies": {
        "@tsparticles/engine": "4.4.0",
        "@tsparticles/plugin-interactivity": "4.4.0"
      }
    },
    "node_modules/@tsparticles/interaction-particles-attract": {
      "version": "4.4.0",
      "resolved": "https://registry.npmjs.org/@tsparticles/interaction-particles-attract/-/interaction-particles-attract-4.4.0.tgz",
      "integrity": "sha512-OPopYrnpPikRxwHk3UwCyNaB6DB2uSbx9wIH9qjz9bbWvPs+oKlB0UCTbkod8Bl0t57WJ0AY8kqFUfaPDWGISA==",
      "license": "MIT",
      "peerDependencies": {
        "@tsparticles/engine": "4.4.0",
        "@tsparticles/plugin-interactivity": "4.4.0"
      }
    },
    "node_modules/@tsparticles/interaction-particles-collisions": {
      "version": "4.4.0",
      "resolved": "https://registry.npmjs.org/@tsparticles/interaction-particles-collisions/-/interaction-particles-collisions-4.4.0.tgz",
      "integrity": "sha512-DLfnAf6lXy/IlsWPZBAXS6/pll5400yPxi6DRyHe0UBnbPVRzCRXAuoGaqhEsrth47BQdoyaqVG7sh38m9Oldg==",
      "license": "MIT",
      "peerDependencies": {
        "@tsparticles/engine": "4.4.0",
        "@tsparticles/plugin-interactivity": "4.4.0"
      }
    },
    "node_modules/@tsparticles/interaction-particles-links": {
      "version": "4.4.0",
      "resolved": "https://registry.npmjs.org/@tsparticles/interaction-particles-links/-/interaction-particles-links-4.4.0.tgz",
      "integrity": "sha512-n2OkzB8BjQkzFrtiVq8O42/Tf+/Psng+K71MhJDI+czkwLo3PdmG51MCsy2w9ywCvGwWci2nwxMQ1qZL7nPONg==",
      "license": "MIT",
      "dependencies": {
        "@tsparticles/canvas-utils": "4.4.0"
      },
      "peerDependencies": {
        "@tsparticles/engine": "4.4.0",
        "@tsparticles/plugin-interactivity": "4.4.0"
      }
    },
    "node_modules/@tsparticles/plugin-blend": {
      "version": "4.4.0",
      "resolved": "https://registry.npmjs.org/@tsparticles/plugin-blend/-/plugin-blend-4.4.0.tgz",
      "integrity": "sha512-X/SG2WIasgHqA+fLZFu6MMv3z5VY5uX4VIfKjXz1qxZjEjn0w4kzZrbtZBxXxRKdrm8Dg8Qu2mmBokNZ8Bny3g==",
      "license": "MIT",
      "peerDependencies": {
        "@tsparticles/engine": "4.4.0"
      }
    },
    "node_modules/@tsparticles/plugin-easing-quad": {
      "version": "4.4.0",
      "resolved": "https://registry.npmjs.org/@tsparticles/plugin-easing-quad/-/plugin-easing-quad-4.4.0.tgz",
      "integrity": "sha512-kdKuM4gKd3Y8x1WfbWgs72EhezBZ8HU0dsvECFsfVMuWa0/gB960BRz+XlyjVOIDBw8dIvx7EUoVgXsRg2WAOA==",
      "funding": [
        {
          "type": "github",
          "url": "https://github.com/sponsors/matteobruni"
        },
        {
          "type": "github",
          "url": "https://github.com/sponsors/tsparticles"
        },
        {
          "type": "buymeacoffee",
          "url": "https://www.buymeacoffee.com/matteobruni"
        }
      ],
      "license": "MIT",
      "peerDependencies": {
        "@tsparticles/engine": "4.4.0"
      }
    },
    "node_modules/@tsparticles/plugin-hex-color": {
      "version": "4.4.0",
      "resolved": "https://registry.npmjs.org/@tsparticles/plugin-hex-color/-/plugin-hex-color-4.4.0.tgz",
      "integrity": "sha512-sbRW6fi/YOS/hvFi6GCQiKI2zMCrmydrhlzqWyw2UUyg4Rr3FviQbIC2VRZrMc30Cm6kSkR3SovXIFDpZzO94Q==",
      "funding": [
        {
          "type": "github",
          "url": "https://github.com/sponsors/matteobruni"
        },
        {
          "type": "github",
          "url": "https://github.com/sponsors/tsparticles"
        },
        {
          "type": "buymeacoffee",
          "url": "https://www.buymeacoffee.com/matteobruni"
        }
      ],
      "license": "MIT",
      "peerDependencies": {
        "@tsparticles/engine": "4.4.0"
      }
    },
    "node_modules/@tsparticles/plugin-hsl-color": {
      "version": "4.4.0",
      "resolved": "https://registry.npmjs.org/@tsparticles/plugin-hsl-color/-/plugin-hsl-color-4.4.0.tgz",
      "integrity": "sha512-nw/7cGoU99y8veeYD7yA7ygNyrGr461V9xx+ed+jrj0LyXQbLF3d/r78ovMseoHxm4SWa9pmtoQxS3fBHIgecw==",
      "funding": [
        {
          "type": "github",
          "url": "https://github.com/sponsors/matteobruni"
        },
        {
          "type": "github",
          "url": "https://github.com/sponsors/tsparticles"
        },
        {
          "type": "buymeacoffee",
          "url": "https://www.buymeacoffee.com/matteobruni"
        }
      ],
      "license": "MIT",
      "peerDependencies": {
        "@tsparticles/engine": "4.4.0"
      }
    },
    "node_modules/@tsparticles/plugin-interactivity": {
      "version": "4.4.0",
      "resolved": "https://registry.npmjs.org/@tsparticles/plugin-interactivity/-/plugin-interactivity-4.4.0.tgz",
      "integrity": "sha512-jquoxlT4ra1Mc4glVlIfPubmchyIq5IZ25RdnvAop1uuc+6tu4N1zq5SSeyRO8MhJ94xevsNe6ozjmqvZ9CzKA==",
      "license": "MIT",
      "peerDependencies": {
        "@tsparticles/engine": "4.4.0"
      }
    },
    "node_modules/@tsparticles/plugin-move": {
      "version": "4.4.0",
      "resolved": "https://registry.npmjs.org/@tsparticles/plugin-move/-/plugin-move-4.4.0.tgz",
      "integrity": "sha512-o05YP6bWxljbxmsQoqbay8sn4GtHIiTQZhZmcIyxJw/q+oSCNKHWALElSAqa1H7Dp/7ltnmd4rH4pgbQtHnfEw==",
      "license": "MIT",
      "peerDependencies": {
        "@tsparticles/engine": "4.4.0"
      }
    },
    "node_modules/@tsparticles/plugin-rgb-color": {
      "version": "4.4.0",
      "resolved": "https://registry.npmjs.org/@tsparticles/plugin-rgb-color/-/plugin-rgb-color-4.4.0.tgz",
      "integrity": "sha512-s7YlsrcjndVLiOgKNPQaPcEQmmZeZqHec0lpSbt8BgR2pQmjFvCMSzHDA/aaqZ6JX8iVqvj+bT8uqT5XQDq70Q==",
      "funding": [
        {
          "type": "github",
          "url": "https://github.com/sponsors/matteobruni"
        },
        {
          "type": "github",
          "url": "https://github.com/sponsors/tsparticles"
        },
        {
          "type": "buymeacoffee",
          "url": "https://www.buymeacoffee.com/matteobruni"
        }
      ],
      "license": "MIT",
      "peerDependencies": {
        "@tsparticles/engine": "4.4.0"
      }
    },
    "node_modules/@tsparticles/react": {
      "version": "4.4.0",
      "resolved": "https://registry.npmjs.org/@tsparticles/react/-/react-4.4.0.tgz",
      "integrity": "sha512-vywNLCJi7N/6eY92wjJ7ePwvkMsnKnfm3sU5jPH6ggZxWHCmotSmZyihtlsC3jPa5tHpCidNprQKrQctACa2kw==",
      "license": "MIT",
      "peerDependencies": {
        "@tsparticles/engine": "4.4.0",
        "react": ">=16.8.0",
        "react-dom": ">=16.8.0"
      }
    },
    "node_modules/@tsparticles/shape-circle": {
      "version": "4.4.0",
      "resolved": "https://registry.npmjs.org/@tsparticles/shape-circle/-/shape-circle-4.4.0.tgz",
      "integrity": "sha512-pCdCenLohHwaeeuMCw9bh1icGB+CKwBYx67L5dTBw6aig7LRvL+Kd1PKClJTgXkx8Mb1Xb7KLNmSYgh/ABRtEQ==",
      "license": "MIT",
      "peerDependencies": {
        "@tsparticles/engine": "4.4.0"
      }
    },
    "node_modules/@tsparticles/shape-emoji": {
      "version": "4.4.0",
      "resolved": "https://registry.npmjs.org/@tsparticles/shape-emoji/-/shape-emoji-4.4.0.tgz",
      "integrity": "sha512-MCsIy+NPx9icd50AfZxUEmJeMWer3BPBpk23RVhns8/9EPhKGZx/rK6KvBiEX84uUq4vma2kzAB795IV7Ry7Pg==",
      "license": "MIT",
      "dependencies": {
        "@tsparticles/canvas-utils": "4.4.0"
      },
      "peerDependencies": {
        "@tsparticles/engine": "4.4.0"
      }
    },
    "node_modules/@tsparticles/shape-image": {
      "version": "4.4.0",
      "resolved": "https://registry.npmjs.org/@tsparticles/shape-image/-/shape-image-4.4.0.tgz",
      "integrity": "sha512-wCco8PILtywD4KdtlGF4BfSwdqkkd/WS8CfJMd+wmyLUYVxpUSz9HW8aYzzLFTWZZ0WAmiyMmqBIm9AsADzNSA==",
      "license": "MIT",
      "peerDependencies": {
        "@tsparticles/engine": "4.4.0"
      }
    },
    "node_modules/@tsparticles/shape-line": {
      "version": "4.4.0",
      "resolved": "https://registry.npmjs.org/@tsparticles/shape-line/-/shape-line-4.4.0.tgz",
      "integrity": "sha512-SNyfzkXEXCzh0I4wJSTwFhoZl+V3roh1mVpY3H+LiPtjNlZ9Uyi//PvbQbyuhjbm1+lxu4MXD/CehY3AKzVi2g==",
      "license": "MIT",
      "peerDependencies": {
        "@tsparticles/engine": "4.4.0"
      }
    },
    "node_modules/@tsparticles/shape-polygon": {
      "version": "4.4.0",
      "resolved": "https://registry.npmjs.org/@tsparticles/shape-polygon/-/shape-polygon-4.4.0.tgz",
      "integrity": "sha512-LtDTVQpuPECRoLoLNpvVBAukkBUDvV27mefnuXRgNkUSLBtlMezeFkDJfGthUVKV0erBKuizjxHuo0HO9KygKw==",
      "license": "MIT",
      "peerDependencies": {
        "@tsparticles/engine": "4.4.0"
      }
    },
    "node_modules/@tsparticles/shape-square": {
      "version": "4.4.0",
      "resolved": "https://registry.npmjs.org/@tsparticles/shape-square/-/shape-square-4.4.0.tgz",
      "integrity": "sha512-xSfgTUAgKLq0rgRGgP5ExftRyXOcp1/es8W4e69YH/JCvUgmY5BXlGeRZtXb4e4W055xSJIgkESuUrv6Ig7B+w==",
      "license": "MIT",
      "peerDependencies": {
        "@tsparticles/engine": "4.4.0"
      }
    },
    "node_modules/@tsparticles/shape-star": {
      "version": "4.4.0",
      "resolved": "https://registry.npmjs.org/@tsparticles/shape-star/-/shape-star-4.4.0.tgz",
      "integrity": "sha512-SEnzKTkXXYPwAGtZ8dr+gUkyzs05Y9ZIW/ZSZ94mhAPxPTNo6i+uXc/2PQ4EoXbFw7GwWR8SSzXCeLyuqmxUjA==",
      "license": "MIT",
      "peerDependencies": {
        "@tsparticles/engine": "4.4.0"
      }
    },
    "node_modules/@tsparticles/slim": {
      "version": "4.4.0",
      "resolved": "https://registry.npmjs.org/@tsparticles/slim/-/slim-4.4.0.tgz",
      "integrity": "sha512-/QhPVl11RYTGF9QL2yBLAaoMMSuJSwbp1NqzBsLf4RXqAWsCDs21rg/FvNYS36znBv8ZbU1XG3nbZIEVOMqSHA==",
      "funding": [
        {
          "type": "github",
          "url": "https://github.com/sponsors/matteobruni"
        },
        {
          "type": "github",
          "url": "https://github.com/sponsors/tsparticles"
        },
        {
          "type": "buymeacoffee",
          "url": "https://www.buymeacoffee.com/matteobruni"
        }
      ],
      "license": "MIT",
      "dependencies": {
        "@tsparticles/basic": "4.4.0",
        "@tsparticles/engine": "4.4.0",
        "@tsparticles/interaction-external-attract": "4.4.0",
        "@tsparticles/interaction-external-bounce": "4.4.0",
        "@tsparticles/interaction-external-bubble": "4.4.0",
        "@tsparticles/interaction-external-connect": "4.4.0",
        "@tsparticles/interaction-external-destroy": "4.4.0",
        "@tsparticles/interaction-external-grab": "4.4.0",
        "@tsparticles/interaction-external-parallax": "4.4.0",
        "@tsparticles/interaction-external-pause": "4.4.0",
        "@tsparticles/interaction-external-push": "4.4.0",
        "@tsparticles/interaction-external-remove": "4.4.0",
        "@tsparticles/interaction-external-repulse": "4.4.0",
        "@tsparticles/interaction-external-slow": "4.4.0",
        "@tsparticles/interaction-particles-attract": "4.4.0",
        "@tsparticles/interaction-particles-collisions": "4.4.0",
        "@tsparticles/interaction-particles-links": "4.4.0",
        "@tsparticles/plugin-easing-quad": "4.4.0",
        "@tsparticles/plugin-interactivity": "4.4.0",
        "@tsparticles/shape-emoji": "4.4.0",
        "@tsparticles/shape-image": "4.4.0",
        "@tsparticles/shape-line": "4.4.0",
        "@tsparticles/shape-polygon": "4.4.0",
        "@tsparticles/shape-square": "4.4.0",
        "@tsparticles/shape-star": "4.4.0",
        "@tsparticles/updater-life": "4.4.0",
        "@tsparticles/updater-paint": "4.4.0",
        "@tsparticles/updater-rotate": "4.4.0"
      }
    },
    "node_modules/@tsparticles/updater-life": {
      "version": "4.4.0",
      "resolved": "https://registry.npmjs.org/@tsparticles/updater-life/-/updater-life-4.4.0.tgz",
      "integrity": "sha512-lUYmhnyRSzNbqS3qYkdDITq2u+BNjircYYbIk4wokJcLNfB0U6IGkIS9SBz9+GA18b8EC7+XEA90iFmxdNzo6Q==",
      "license": "MIT",
      "peerDependencies": {
        "@tsparticles/engine": "4.4.0"
      }
    },
    "node_modules/@tsparticles/updater-opacity": {
      "version": "4.4.0",
      "resolved": "https://registry.npmjs.org/@tsparticles/updater-opacity/-/updater-opacity-4.4.0.tgz",
      "integrity": "sha512-StQAExNqeOHANRAMXHdaKKEBD1DrRwBZ3TQF6DPtERtoElj8BvMlPHq38W0TSzfvR0lFP91p2Pzo5txVzVJ3Gg==",
      "license": "MIT",
      "dependencies": {
        "@tsparticles/animation-utils": "4.4.0"
      },
      "peerDependencies": {
        "@tsparticles/engine": "4.4.0"
      }
    },
    "node_modules/@tsparticles/updater-out-modes": {
      "version": "4.4.0",
      "resolved": "https://registry.npmjs.org/@tsparticles/updater-out-modes/-/updater-out-modes-4.4.0.tgz",
      "integrity": "sha512-IzHaYhOVI6mBFqub1ivd/5UMkvn5Pb/j9xS8edT7XeSNYqO3UeomLJci0KE6Xsm+4K/kBLGbCRW5+Tf+kV4E0g==",
      "license": "MIT",
      "peerDependencies": {
        "@tsparticles/engine": "4.4.0"
      }
    },
    "node_modules/@tsparticles/updater-paint": {
      "version": "4.4.0",
      "resolved": "https://registry.npmjs.org/@tsparticles/updater-paint/-/updater-paint-4.4.0.tgz",
      "integrity": "sha512-v7liuaT9BwHsd1hCfJF2d93M2gD3lSfsfIfKjPihAYo73hS43Wq7Cf1F0yjEiR3yXryRGH1QmYYdhonKAvyDKw==",
      "license": "MIT",
      "peerDependencies": {
        "@tsparticles/engine": "4.4.0"
      }
    },
    "node_modules/@tsparticles/updater-rotate": {
      "version": "4.4.0",
      "resolved": "https://registry.npmjs.org/@tsparticles/updater-rotate/-/updater-rotate-4.4.0.tgz",
      "integrity": "sha512-rXUP1X0suDr168F2aXRj4v8TmSUfhaWuHOn2z4UcqOAhPjwPdfySMnwpdxbRS+HL4q9TFkNGBqq9ity6LgkVeA==",
      "license": "MIT",
      "dependencies": {
        "@tsparticles/animation-utils": "4.4.0"
      },
      "peerDependencies": {
        "@tsparticles/engine": "4.4.0"
      }
    },
    "node_modules/@tsparticles/updater-size": {
      "version": "4.4.0",
      "resolved": "https://registry.npmjs.org/@tsparticles/updater-size/-/updater-size-4.4.0.tgz",
      "integrity": "sha512-Qq8QjC0MMjlaHjtpWUROSqe14eKVphq92n0VR4/d4WY+pnSG1U1VJzF43Kyfb4IyV06b29F0TUROIG7Ivqk36g==",
      "license": "MIT",
      "dependencies": {
        "@tsparticles/animation-utils": "4.4.0"
      },
      "peerDependencies": {
        "@tsparticles/engine": "4.4.0"
      }
    },
    "node_modules/detect-libc": {
      "version": "2.1.2",
      "resolved": "https://registry.npmjs.org/detect-libc/-/detect-libc-2.1.2.tgz",
      "integrity": "sha512-Btj2BOOO83o3WyH59e8MgXsxEQVcarkUOpEYrubB0urwnN10yQ364rsiByU11nZlqWYZm05i/of7io4mzihBtQ==",
      "license": "Apache-2.0",
      "engines": {
        "node": ">=8"
      }
    },
    "node_modules/enhanced-resolve": {
      "version": "5.25.1",
      "resolved": "https://registry.npmjs.org/enhanced-resolve/-/enhanced-resolve-5.25.1.tgz",
      "integrity": "sha512-nGXts5znJzmWPu+mIE9izCOzdg63oJca2mDzGWWTth7sr4aCToKcoyFVBQwN75Ij5Pf6p510EwkTqViTRzDV+w==",
      "license": "MIT",
      "dependencies": {
        "graceful-fs": "^4.2.4",
        "tapable": "^2.3.3"
      },
      "engines": {
        "node": ">=10.13.0"
      }
    },
    "node_modules/framer-motion": {
      "version": "13.4.4",
      "resolved": "https://registry.npmjs.org/framer-motion/-/framer-motion-13.4.4.tgz",
      "integrity": "sha512-lbsZO95NGbulo6apz70zEt6Vxf/anoRwQI2ECEc/EQYWO5CGbITtl7plDW8P/VXgXw6e8wrbhH4a9i+ygke0Mg==",
      "license": "MIT",
      "dependencies": {
        "motion-dom": "^13.4.4",
        "motion-utils": "^13.3.0",
        "tslib": "^2.4.0"
      },
      "peerDependencies": {
        "react": "^18.0.0 || ^19.0.0",
        "react-dom": "^18.0.0 || ^19.0.0"
      },
      "peerDependenciesMeta": {
        "react": {
          "optional": true
        },
        "react-dom": {
          "optional": true
        }
      }
    },
    "node_modules/graceful-fs": {
      "version": "4.2.11",
      "resolved": "https://registry.npmjs.org/graceful-fs/-/graceful-fs-4.2.11.tgz",
      "integrity": "sha512-RbJ5/jmFcNNCcDV5o9eTnBLJ/HszWV0P73bc+Ff4nS/rJj+YaS6IGyiOL0VoBYX+l1Wrl3k63h/KrH+nhJ0XvQ==",
      "license": "ISC"
    },
    "node_modules/jiti": {
      "version": "2.7.0",
      "resolved": "https://registry.npmjs.org/jiti/-/jiti-2.7.0.tgz",
      "integrity": "sha512-AC/7JofJvZGrrneWNaEnJeOLUx+JlGt7tNa0wZiRPT4MY1wmfKjt2+6O2p2uz2+skll8OZZmJMNqeke7kKbNgQ==",
      "license": "MIT",
      "bin": {
        "jiti": "lib/jiti-cli.mjs"
      }
    },
    "node_modules/lenis": {
      "version": "1.3.26",
      "resolved": "https://registry.npmjs.org/lenis/-/lenis-1.3.26.tgz",
      "integrity": "sha512-s/xTCZCxTFvHbAN1OzuhNaN5YPJH2ail0XAkctKW1b+RUAG4nUL5UHLXwNko1h8aEeT2jspBXegMgPJd8zcuag==",
      "license": "MIT",
      "workspaces": [
        "packages/*",
        "playground",
        "playground/*"
      ],
      "funding": {
        "type": "github",
        "url": "https://github.com/sponsors/darkroomengineering"
      },
      "peerDependencies": {
        "@nuxt/kit": ">=3.0.0",
        "react": ">=17.0.0",
        "vue": ">=3.0.0"
      },
      "peerDependenciesMeta": {
        "@nuxt/kit": {
          "optional": true
        },
        "react": {
          "optional": true
        },
        "vue": {
          "optional": true
        }
      }
    },
    "node_modules/lightningcss": {
      "version": "1.32.0",
      "resolved": "https://registry.npmjs.org/lightningcss/-/lightningcss-1.32.0.tgz",
      "integrity": "sha512-NXYBzinNrblfraPGyrbPoD19C1h9lfI/1mzgWYvXUTe414Gz/X1FD2XBZSZM7rRTrMA8JL3OtAaGifrIKhQ5yQ==",
      "license": "MPL-2.0",
      "dependencies": {
        "detect-libc": "^2.0.3"
      },
      "engines": {
        "node": ">= 12.0.0"
      },
      "funding": {
        "type": "opencollective",
        "url": "https://opencollective.com/parcel"
      },
      "optionalDependencies": {
        "lightningcss-android-arm64": "1.32.0",
        "lightningcss-darwin-arm64": "1.32.0",
        "lightningcss-darwin-x64": "1.32.0",
        "lightningcss-freebsd-x64": "1.32.0",
        "lightningcss-linux-arm-gnueabihf": "1.32.0",
        "lightningcss-linux-arm64-gnu": "1.32.0",
        "lightningcss-linux-arm64-musl": "1.32.0",
        "lightningcss-linux-x64-gnu": "1.32.0",
        "lightningcss-linux-x64-musl": "1.32.0",
        "lightningcss-win32-arm64-msvc": "1.32.0",
        "lightningcss-win32-x64-msvc": "1.32.0"
      }
    },
    "node_modules/lightningcss-android-arm64": {
      "version": "1.32.0",
      "resolved": "https://registry.npmjs.org/lightningcss-android-arm64/-/lightningcss-android-arm64-1.32.0.tgz",
      "integrity": "sha512-YK7/ClTt4kAK0vo6w3X+Pnm0D2cf2vPHbhOXdoNti1Ga0al1P4TBZhwjATvjNwLEBCnKvjJc2jQgHXH0NEwlAg==",
      "cpu": [
        "arm64"
      ],
      "license": "MPL-2.0",
      "optional": true,
      "os": [
        "android"
      ],
      "engines": {
        "node": ">= 12.0.0"
      },
      "funding": {
        "type": "opencollective",
        "url": "https://opencollective.com/parcel"
      }
    },
    "node_modules/lightningcss-darwin-arm64": {
      "version": "1.32.0",
      "resolved": "https://registry.npmjs.org/lightningcss-darwin-arm64/-/lightningcss-darwin-arm64-1.32.0.tgz",
      "integrity": "sha512-RzeG9Ju5bag2Bv1/lwlVJvBE3q6TtXskdZLLCyfg5pt+HLz9BqlICO7LZM7VHNTTn/5PRhHFBSjk5lc4cmscPQ==",
      "cpu": [
        "arm64"
      ],
      "license": "MPL-2.0",
      "optional": true,
      "os": [
        "darwin"
      ],
      "engines": {
        "node": ">= 12.0.0"
      },
      "funding": {
        "type": "opencollective",
        "url": "https://opencollective.com/parcel"
      }
    },
    "node_modules/lightningcss-darwin-x64": {
      "version": "1.32.0",
      "resolved": "https://registry.npmjs.org/lightningcss-darwin-x64/-/lightningcss-darwin-x64-1.32.0.tgz",
      "integrity": "sha512-U+QsBp2m/s2wqpUYT/6wnlagdZbtZdndSmut/NJqlCcMLTWp5muCrID+K5UJ6jqD2BFshejCYXniPDbNh73V8w==",
      "cpu": [
        "x64"
      ],
      "license": "MPL-2.0",
      "optional": true,
      "os": [
        "darwin"
      ],
      "engines": {
        "node": ">= 12.0.0"
      },
      "funding": {
        "type": "opencollective",
        "url": "https://opencollective.com/parcel"
      }
    },
    "node_modules/lightningcss-freebsd-x64": {
      "version": "1.32.0",
      "resolved": "https://registry.npmjs.org/lightningcss-freebsd-x64/-/lightningcss-freebsd-x64-1.32.0.tgz",
      "integrity": "sha512-JCTigedEksZk3tHTTthnMdVfGf61Fky8Ji2E4YjUTEQX14xiy/lTzXnu1vwiZe3bYe0q+SpsSH/CTeDXK6WHig==",
      "cpu": [
        "x64"
      ],
      "license": "MPL-2.0",
      "optional": true,
      "os": [
        "freebsd"
      ],
      "engines": {
        "node": ">= 12.0.0"
      },
      "funding": {
        "type": "opencollective",
        "url": "https://opencollective.com/parcel"
      }
    },
    "node_modules/lightningcss-linux-arm-gnueabihf": {
      "version": "1.32.0",
      "resolved": "https://registry.npmjs.org/lightningcss-linux-arm-gnueabihf/-/lightningcss-linux-arm-gnueabihf-1.32.0.tgz",
      "integrity": "sha512-x6rnnpRa2GL0zQOkt6rts3YDPzduLpWvwAF6EMhXFVZXD4tPrBkEFqzGowzCsIWsPjqSK+tyNEODUBXeeVHSkw==",
      "cpu": [
        "arm"
      ],
      "license": "MPL-2.0",
      "optional": true,
      "os": [
        "linux"
      ],
      "engines": {
        "node": ">= 12.0.0"
      },
      "funding": {
        "type": "opencollective",
        "url": "https://opencollective.com/parcel"
      }
    },
    "node_modules/lightningcss-linux-arm64-gnu": {
      "version": "1.32.0",
      "resolved": "https://registry.npmjs.org/lightningcss-linux-arm64-gnu/-/lightningcss-linux-arm64-gnu-1.32.0.tgz",
      "integrity": "sha512-0nnMyoyOLRJXfbMOilaSRcLH3Jw5z9HDNGfT/gwCPgaDjnx0i8w7vBzFLFR1f6CMLKF8gVbebmkUN3fa/kQJpQ==",
      "cpu": [
        "arm64"
      ],
      "license": "MPL-2.0",
      "optional": true,
      "os": [
        "linux"
      ],
      "engines": {
        "node": ">= 12.0.0"
      },
      "funding": {
        "type": "opencollective",
        "url": "https://opencollective.com/parcel"
      }
    },
    "node_modules/lightningcss-linux-arm64-musl": {
      "version": "1.32.0",
      "resolved": "https://registry.npmjs.org/lightningcss-linux-arm64-musl/-/lightningcss-linux-arm64-musl-1.32.0.tgz",
      "integrity": "sha512-UpQkoenr4UJEzgVIYpI80lDFvRmPVg6oqboNHfoH4CQIfNA+HOrZ7Mo7KZP02dC6LjghPQJeBsvXhJod/wnIBg==",
      "cpu": [
        "arm64"
      ],
      "license": "MPL-2.0",
      "optional": true,
      "os": [
        "linux"
      ],
      "engines": {
        "node": ">= 12.0.0"
      },
      "funding": {
        "type": "opencollective",
        "url": "https://opencollective.com/parcel"
      }
    },
    "node_modules/lightningcss-linux-x64-gnu": {
      "version": "1.32.0",
      "resolved": "https://registry.npmjs.org/lightningcss-linux-x64-gnu/-/lightningcss-linux-x64-gnu-1.32.0.tgz",
      "integrity": "sha512-V7Qr52IhZmdKPVr+Vtw8o+WLsQJYCTd8loIfpDaMRWGUZfBOYEJeyJIkqGIDMZPwPx24pUMfwSxxI8phr/MbOA==",
      "cpu": [
        "x64"
      ],
      "license": "MPL-2.0",
      "optional": true,
      "os": [
        "linux"
      ],
      "engines": {
        "node": ">= 12.0.0"
      },
      "funding": {
        "type": "opencollective",
        "url": "https://opencollective.com/parcel"
      }
    },
    "node_modules/lightningcss-linux-x64-musl": {
      "version": "1.32.0",
      "resolved": "https://registry.npmjs.org/lightningcss-linux-x64-musl/-/lightningcss-linux-x64-musl-1.32.0.tgz",
      "integrity": "sha512-bYcLp+Vb0awsiXg/80uCRezCYHNg1/l3mt0gzHnWV9XP1W5sKa5/TCdGWaR/zBM2PeF/HbsQv/j2URNOiVuxWg==",
      "cpu": [
        "x64"
      ],
      "license": "MPL-2.0",
      "optional": true,
      "os": [
        "linux"
      ],
      "engines": {
        "node": ">= 12.0.0"
      },
      "funding": {
        "type": "opencollective",
        "url": "https://opencollective.com/parcel"
      }
    },
    "node_modules/lightningcss-win32-arm64-msvc": {
      "version": "1.32.0",
      "resolved": "https://registry.npmjs.org/lightningcss-win32-arm64-msvc/-/lightningcss-win32-arm64-msvc-1.32.0.tgz",
      "integrity": "sha512-8SbC8BR40pS6baCM8sbtYDSwEVQd4JlFTOlaD3gWGHfThTcABnNDBda6eTZeqbofalIJhFx0qKzgHJmcPTnGdw==",
      "cpu": [
        "arm64"
      ],
      "license": "MPL-2.0",
      "optional": true,
      "os": [
        "win32"
      ],
      "engines": {
        "node": ">= 12.0.0"
      },
      "funding": {
        "type": "opencollective",
        "url": "https://opencollective.com/parcel"
      }
    },
    "node_modules/lightningcss-win32-x64-msvc": {
      "version": "1.32.0",
      "resolved": "https://registry.npmjs.org/lightningcss-win32-x64-msvc/-/lightningcss-win32-x64-msvc-1.32.0.tgz",
      "integrity": "sha512-Amq9B/SoZYdDi1kFrojnoqPLxYhQ4Wo5XiL8EVJrVsB8ARoC1PWW6VGtT0WKCemjy8aC+louJnjS7U18x3b06Q==",
      "cpu": [
        "x64"
      ],
      "license": "MPL-2.0",
      "optional": true,
      "os": [
        "win32"
      ],
      "engines": {
        "node": ">= 12.0.0"
      },
      "funding": {
        "type": "opencollective",
        "url": "https://opencollective.com/parcel"
      }
    },
    "node_modules/magic-string": {
      "version": "0.30.21",
      "resolved": "https://registry.npmjs.org/magic-string/-/magic-string-0.30.21.tgz",
      "integrity": "sha512-vd2F4YUyEXKGcLHoq+TEyCjxueSeHnFxyyjNp80yg0XV4vUhnDer/lvvlqM/arB5bXQN5K2/3oinyCRyx8T2CQ==",
      "license": "MIT",
      "dependencies": {
        "@jridgewell/sourcemap-codec": "^1.5.5"
      }
    },
    "node_modules/motion-dom": {
      "version": "13.4.4",
      "resolved": "https://registry.npmjs.org/motion-dom/-/motion-dom-13.4.4.tgz",
      "integrity": "sha512-z2qN3RUABSci4G7cr5aHTFhqPNCWJsEMMfRlzxqtANQsSCIbVJmHvMV288m5x7doEQBTYbRTWbKdztmquCn4Sw==",
      "license": "MIT",
      "dependencies": {
        "motion-utils": "^13.3.0"
      }
    },
    "node_modules/motion-utils": {
      "version": "13.3.0",
      "resolved": "https://registry.npmjs.org/motion-utils/-/motion-utils-13.3.0.tgz",
      "integrity": "sha512-sgSschQp7EseHInIlR7hBbMuvet3RA0bs28KPZAXJcGKGdxHGvh1ogpYDilY3bOMtl73EqPNmp75sAKHYPU5sg==",
      "license": "MIT"
    },
    "node_modules/react-icons": {
      "version": "5.7.0",
      "resolved": "https://registry.npmjs.org/react-icons/-/react-icons-5.7.0.tgz",
      "integrity": "sha512-LBLy340Rzqy6+/yVhZKT3B/QpP1BZaesGqasf09HPOBzRarcDIFH0WwXlXQfE7q7ipxK4MSiC5DIBWURCny6fw==",
      "license": "MIT",
      "peerDependencies": {
        "react": "*"
      }
    },
    "node_modules/react-type-animation": {
      "version": "3.2.0",
      "resolved": "https://registry.npmjs.org/react-type-animation/-/react-type-animation-3.2.0.tgz",
      "integrity": "sha512-WXTe0i3rRNKjmggPvT5ntye1QBt0ATGbijeW6V3cQe2W0jaMABXXlPPEdtofnS9tM7wSRHchEvI9SUw+0kUohw==",
      "license": "MIT",
      "peerDependencies": {
        "prop-types": "^15.5.4",
        "react": ">= 15.0.0",
        "react-dom": ">= 15.0.0"
      }
    },
    "node_modules/source-map-js": {
      "version": "1.2.1",
      "resolved": "https://registry.npmjs.org/source-map-js/-/source-map-js-1.2.1.tgz",
      "integrity": "sha512-UXWMKhLOwVKb728IUtQPXxfYU+usdybtUrK/8uGE8CQMvrhOpwvzDBwj0QhSL7MQc7vIsISBG8VQ8+IDQxpfQA==",
      "license": "BSD-3-Clause",
      "engines": {
        "node": ">=0.10.0"
      }
    },
    "node_modules/tailwindcss": {
      "version": "4.3.3",
      "resolved": "https://registry.npmjs.org/tailwindcss/-/tailwindcss-4.3.3.tgz",
      "integrity": "sha512-gOhV3P7ufE62QDGg1zVaTgCR+EtPv92k2nIhVcVKcLmxT1sUBsQGhnZj175j+MqRt4zLF7ic+sCYjfhxMxj7YQ==",
      "license": "MIT"
    },
    "node_modules/tapable": {
      "version": "2.3.3",
      "resolved": "https://registry.npmjs.org/tapable/-/tapable-2.3.3.tgz",
      "integrity": "sha512-uxc/zpqFg6x7C8vOE7lh6Lbda8eEL9zmVm/PLeTPBRhh1xCgdWaQ+J1CUieGpIfm2HdtsUpRv+HshiasBMcc6A==",
      "license": "MIT",
      "engines": {
        "node": ">=6"
      },
      "funding": {
        "type": "opencollective",
        "url": "https://opencollective.com/webpack"
      }
    },
    "node_modules/tslib": {
      "version": "2.8.1",
      "resolved": "https://registry.npmjs.org/tslib/-/tslib-2.8.1.tgz",
      "integrity": "sha512-oJFu94HQb+KVduSUQL7wnpmqnfmLsOA/nAh6b6EH0wCEoK0/mPeXU6c3wKDV83MkOuHPRHtSXKKU99IBazS/2w==",
      "license": "0BSD"
    }
  }
}
